{
  "name": "code",
  "lockfileVersion": 3,
  "requires": true,
  "packages": {
    "": {
      "dependencies": {
        "ace-builds": "^1.36.5"
      },
      "devDependencies": {
        "@types/ace": "^0.0.52"
      }
    },
    "node_modules/@types/ace": {
      "version": "0.0.52",
      "resolved": "https://registry.npmjs.org/@types/ace/-/ace-0.0.52.tgz",
      "integrity": "sha512-YPF9S7fzpuyrxru+sG/rrTpZkC6gpHBPF14W3x70kqVOD+ks6jkYLapk4yceh36xej7K4HYxcyz9ZDQ2lTvwgQ==",
      "dev": true
    },
    "node_modules/ace-builds": {
      "version": "1.36.5",
      "resolved": "https://registry.npmjs.org/ace-builds/-/ace-builds-1.36.5.tgz",
      "integrity": "sha512-mZ5KVanRT6nLRDLqtG/1YQQLX/gZVC/v526cm1Ru/MTSlrbweSmqv2ZT0d2GaHpJq035MwCMIrj+LgDAUnDXrg=="
    }
  }
}
