{
  "name": "code",
  "lockfileVersion": 3,
  "requires": true,
  "packages": {
    "": {
      "dependencies": {
        "@types/ace": "^0.0.52"
      }
    },
    "node_modules/@types/ace": {
      "version": "0.0.52",
      "resolved": "https://registry.npmjs.org/@types/ace/-/ace-0.0.52.tgz",
      "integrity": "sha512-YPF9S7fzpuyrxru+sG/rrTpZkC6gpHBPF14W3x70kqVOD+ks6jkYLapk4yceh36xej7K4HYxcyz9ZDQ2lTvwgQ=="
    }
  }
}
